
Microsoft Visual Studio Solution File, Format Version 12.00
# Visual Studio Version 16
VisualStudioVersion = 16.0.31005.135
MinimumVisualStudioVersion = 10.0.40219.1
Project("{FAE04EC0-301F-11D3-BF4B-00C04F79EFBC}") = "homework", "homework.csproj", "{7AE01CE0-170A-4F49-89E9-9E6B939AC02A}"
EndProject
Global
	GlobalSection(SolutionConfigurationPlatforms) = preSolution
		Debug|Any CPU = Debug|Any CPU
		Release|Any CPU = Release|Any CPU
	EndGlobalSection
	GlobalSection(ProjectConfigurationPlatforms) = postSolution
		{7AE01CE0-170A-4F49-89E9-9E6B939AC02A}.Debug|Any CPU.ActiveCfg = Debug|Any CPU
		{7AE01CE0-170A-4F49-89E9-9E6B939AC02A}.Debug|Any CPU.Build.0 = Debug|Any CPU
		{7AE01CE0-170A-4F49-89E9-9E6B939AC02A}.Release|Any CPU.ActiveCfg = Release|Any CPU
		{7AE01CE0-170A-4F49-89E9-9E6B939AC02A}.Release|Any CPU.Build.0 = Release|Any CPU
	EndGlobalSection
	GlobalSection(SolutionProperties) = preSolution
		HideSolutionNode = FALSE
	EndGlobalSection
	GlobalSection(ExtensibilityGlobals) = postSolution
		SolutionGuid = {D1A1F8DF-B5EE-40BB-98F0-84E9D7B490DE}
	EndGlobalSection
EndGlobal
